// !$*UTF8*$!
{
	archiveVersion = 1;
	classes = {
	};
	objectVersion = 46;
	objects = {

/* Begin PBXBuildFile section */
		8336ABCD159B0DA600E3E994 /* UIKit.framework in Frameworks */ = {isa = PBXBuildFile; fileRef = 8336ABCC159B0DA600E3E994 /* UIKit.framework */; };
		8336ABCF159B0DA600E3E994 /* Foundation.framework in Frameworks */ = {isa = PBXBuildFile; fileRef = 8336ABCE159B0DA600E3E994 /* Foundation.framework */; };
		8336ABD1159B0DA600E3E994 /* CoreGraphics.framework in Frameworks */ = {isa = PBXBuildFile; fileRef = 8336ABD0159B0DA600E3E994 /* CoreGraphics.framework */; };
		8336ABD7159B0DA600E3E994 /* InfoPlist.strings in Resources */ = {isa = PBXBuildFile; fileRef = 8336ABD5159B0DA600E3E994 /* InfoPlist.strings */; };
		8336ABD9159B0DA600E3E994 /* main.m in Sources */ = {isa = PBXBuildFile; fileRef = 8336ABD8159B0DA600E3E994 /* main.m */; };
		8336ABDD159B0DA600E3E994 /* CEAppDelegate.m in Sources */ = {isa = PBXBuildFile; fileRef = 8336ABDC159B0DA600E3E994 /* CEAppDelegate.m */; };
		8336ABFF159B504100E3E994 /* LinkedInAPI.m in Sources */ = {isa = PBXBuildFile; fileRef = 8336ABFE159B504100E3E994 /* LinkedInAPI.m */; };
		94DE8798D89C43FDA815FCB8 /* libPods.a in Frameworks */ = {isa = PBXBuildFile; fileRef = CC475DFD84C9412BAE839217 /* libPods.a */; };
/* End PBXBuildFile section */

/* Begin PBXFileReference section */
		8336ABC8159B0DA600E3E994 /* LinkedInAPI.app */ = {isa = PBXFileReference; explicitFileType = wrapper.application; includeInIndex = 0; path = LinkedInAPI.app; sourceTree = BUILT_PRODUCTS_DIR; };
		8336ABCC159B0DA600E3E994 /* UIKit.framework */ = {isa = PBXFileReference; lastKnownFileType = wrapper.framework; name = UIKit.framework; path = System/Library/Frameworks/UIKit.framework; sourceTree = SDKROOT; };
		8336ABCE159B0DA600E3E994 /* Foundation.framework */ = {isa = PBXFileReference; lastKnownFileType = wrapper.framework; name = Foundation.framework; path = System/Library/Frameworks/Foundation.framework; sourceTree = SDKROOT; };
		8336ABD0159B0DA600E3E994 /* CoreGraphics.framework */ = {isa = PBXFileReference; lastKnownFileType = wrapper.framework; name = CoreGraphics.framework; path = System/Library/Frameworks/CoreGraphics.framework; sourceTree = SDKROOT; };
		8336ABD4159B0DA600E3E994 /* LinkedInAPI-Info.plist */ = {isa = PBXFileReference; lastKnownFileType = text.plist.xml; path = "LinkedInAPI-Info.plist"; sourceTree = "<group>"; };
		8336ABD6159B0DA600E3E994 /* en */ = {isa = PBXFileReference; lastKnownFileType = text.plist.strings; name = en; path = en.lproj/InfoPlist.strings; sourceTree = "<group>"; };
		8336ABD8159B0DA600E3E994 /* main.m */ = {isa = PBXFileReference; lastKnownFileType = sourcecode.c.objc; path = main.m; sourceTree = "<group>"; };
		8336ABDA159B0DA600E3E994 /* LinkedInAPI-Prefix.pch */ = {isa = PBXFileReference; lastKnownFileType = sourcecode.c.h; path = "LinkedInAPI-Prefix.pch"; sourceTree = "<group>"; };
		8336ABDB159B0DA600E3E994 /* CEAppDelegate.h */ = {isa = PBXFileReference; lastKnownFileType = sourcecode.c.h; path = CEAppDelegate.h; sourceTree = "<group>"; };
		8336ABDC159B0DA600E3E994 /* CEAppDelegate.m */ = {isa = PBXFileReference; lastKnownFileType = sourcecode.c.objc; path = CEAppDelegate.m; sourceTree = "<group>"; };
		8336ABFD159B504100E3E994 /* LinkedInAPI.h */ = {isa = PBXFileReference; fileEncoding = 4; lastKnownFileType = sourcecode.c.h; path = LinkedInAPI.h; sourceTree = SOURCE_ROOT; };
		8336ABFE159B504100E3E994 /* LinkedInAPI.m */ = {isa = PBXFileReference; fileEncoding = 4; lastKnownFileType = sourcecode.c.objc; path = LinkedInAPI.m; sourceTree = SOURCE_ROOT; };
		CC475DFD84C9412BAE839217 /* libPods.a */ = {isa = PBXFileReference; explicitFileType = archive.ar; includeInIndex = 0; path = libPods.a; sourceTree = BUILT_PRODUCTS_DIR; };
		DABB37C95B7C476DAC5D484D /* Pods.xcconfig */ = {isa = PBXFileReference; lastKnownFileType = text.xcconfig; name = Pods.xcconfig; path = Pods/Pods.xcconfig; sourceTree = SOURCE_ROOT; };
/* End PBXFileReference section */

/* Begin PBXFrameworksBuildPhase section */
		8336ABC5159B0DA600E3E994 /* Frameworks */ = {
			isa = PBXFrameworksBuildPhase;
			buildActionMask = 2147483647;
			files = (
				8336ABCD159B0DA600E3E994 /* UIKit.framework in Frameworks */,
				8336ABCF159B0DA600E3E994 /* Foundation.framework in Frameworks */,
				8336ABD1159B0DA600E3E994 /* CoreGraphics.framework in Frameworks */,
				94DE8798D89C43FDA815FCB8 /* libPods.a in Frameworks */,
			);
			runOnlyForDeploymentPostprocessing = 0;
		};
/* End PBXFrameworksBuildPhase section */

/* Begin PBXGroup section */
		8336ABBD159B0DA600E3E994 = {
			isa = PBXGroup;
			children = (
				8336ABD2159B0DA600E3E994 /* LinkedInAPI */,
				8336ABCB159B0DA600E3E994 /* Frameworks */,
				8336ABC9159B0DA600E3E994 /* Products */,
				DABB37C95B7C476DAC5D484D /* Pods.xcconfig */,
			);
			sourceTree = "<group>";
		};
		8336ABC9159B0DA600E3E994 /* Products */ = {
			isa = PBXGroup;
			children = (
				8336ABC8159B0DA600E3E994 /* LinkedInAPI.app */,
			);
			name = Products;
			sourceTree = "<group>";
		};
		8336ABCB159B0DA600E3E994 /* Frameworks */ = {
			isa = PBXGroup;
			children = (
				8336ABCC159B0DA600E3E994 /* UIKit.framework */,
				8336ABCE159B0DA600E3E994 /* Foundation.framework */,
				8336ABD0159B0DA600E3E994 /* CoreGraphics.framework */,
				CC475DFD84C9412BAE839217 /* libPods.a */,
			);
			name = Frameworks;
			sourceTree = "<group>";
		};
		8336ABD2159B0DA600E3E994 /* LinkedInAPI */ = {
			isa = PBXGroup;
			children = (
				8336ABFD159B504100E3E994 /* LinkedInAPI.h */,
				8336ABFE159B504100E3E994 /* LinkedInAPI.m */,
				8336ABDB159B0DA600E3E994 /* CEAppDelegate.h */,
				8336ABDC159B0DA600E3E994 /* CEAppDelegate.m */,
				8336ABD3159B0DA600E3E994 /* Supporting Files */,
			);
			path = LinkedInAPI;
			sourceTree = "<group>";
		};
		8336ABD3159B0DA600E3E994 /* Supporting Files */ = {
			isa = PBXGroup;
			children = (
				8336ABD4159B0DA600E3E994 /* LinkedInAPI-Info.plist */,
				8336ABD5159B0DA600E3E994 /* InfoPlist.strings */,
				8336ABD8159B0DA600E3E994 /* main.m */,
				8336ABDA159B0DA600E3E994 /* LinkedInAPI-Prefix.pch */,
			);
			name = "Supporting Files";
			sourceTree = "<group>";
		};
/* End PBXGroup section */

/* Begin PBXNativeTarget section */
		8336ABC7159B0DA600E3E994 /* LinkedInAPI */ = {
			isa = PBXNativeTarget;
			buildConfigurationList = 8336ABE0159B0DA700E3E994 /* Build configuration list for PBXNativeTarget "LinkedInAPI" */;
			buildPhases = (
				8336ABC4159B0DA600E3E994 /* Sources */,
				8336ABC5159B0DA600E3E994 /* Frameworks */,
				8336ABC6159B0DA600E3E994 /* Resources */,
				02D77F602AC146DABA6F732D /* Copy Pods Resources */,
			);
			buildRules = (
			);
			dependencies = (
			);
			name = LinkedInAPI;
			productName = LinkedInAPI;
			productReference = 8336ABC8159B0DA600E3E994 /* LinkedInAPI.app */;
			productType = "com.apple.product-type.application";
		};
/* End PBXNativeTarget section */

/* Begin PBXProject section */
		8336ABBF159B0DA600E3E994 /* Project object */ = {
			isa = PBXProject;
			attributes = {
				CLASSPREFIX = CE;
				LastUpgradeCheck = 0430;
				ORGANIZATIONNAME = "Chris Eidhof";
			};
			buildConfigurationList = 8336ABC2159B0DA600E3E994 /* Build configuration list for PBXProject "LinkedInAPI" */;
			compatibilityVersion = "Xcode 3.2";
			developmentRegion = English;
			hasScannedForEncodings = 0;
			knownRegions = (
				en,
			);
			mainGroup = 8336ABBD159B0DA600E3E994;
			productRefGroup = 8336ABC9159B0DA600E3E994 /* Products */;
			projectDirPath = "";
			projectRoot = "";
			targets = (
				8336ABC7159B0DA600E3E994 /* LinkedInAPI */,
			);
		};
/* End PBXProject section */

/* Begin PBXResourcesBuildPhase section */
		8336ABC6159B0DA600E3E994 /* Resources */ = {
			isa = PBXResourcesBuildPhase;
			buildActionMask = 2147483647;
			files = (
				8336ABD7159B0DA600E3E994 /* InfoPlist.strings in Resources */,
			);
			runOnlyForDeploymentPostprocessing = 0;
		};
/* End PBXResourcesBuildPhase section */

/* Begin PBXShellScriptBuildPhase section */
		02D77F602AC146DABA6F732D /* Copy Pods Resources */ = {
			isa = PBXShellScriptBuildPhase;
			buildActionMask = 2147483647;
			files = (
			);
			inputPaths = (
			);
			name = "Copy Pods Resources";
			outputPaths = (
			);
			runOnlyForDeploymentPostprocessing = 0;
			shellPath = /bin/sh;
			shellScript = "\"${SRCROOT}/Pods/Pods-resources.sh\"\n";
		};
/* End PBXShellScriptBuildPhase section */

/* Begin PBXSourcesBuildPhase section */
		8336ABC4159B0DA600E3E994 /* Sources */ = {
			isa = PBXSourcesBuildPhase;
			buildActionMask = 2147483647;
			files = (
				8336ABD9159B0DA600E3E994 /* main.m in Sources */,
				8336ABDD159B0DA600E3E994 /* CEAppDelegate.m in Sources */,
				8336ABFF159B504100E3E994 /* LinkedInAPI.m in Sources */,
			);
			runOnlyForDeploymentPostprocessing = 0;
		};
/* End PBXSourcesBuildPhase section */

/* Begin PBXVariantGroup section */
		8336ABD5159B0DA600E3E994 /* InfoPlist.strings */ = {
			isa = PBXVariantGroup;
			children = (
				8336ABD6159B0DA600E3E994 /* en */,
			);
			name = InfoPlist.strings;
			sourceTree = "<group>";
		};
/* End PBXVariantGroup section */

/* Begin XCBuildConfiguration section */
		8336ABDE159B0DA600E3E994 /* Debug */ = {
			isa = XCBuildConfiguration;
			buildSettings = {
				ALWAYS_SEARCH_USER_PATHS = NO;
				ARCHS = "$(ARCHS_STANDARD_32_BIT)";
				CLANG_ENABLE_OBJC_ARC = YES;
				"CODE_SIGN_IDENTITY[sdk=iphoneos*]" = "iPhone Developer";
				COPY_PHASE_STRIP = NO;
				GCC_C_LANGUAGE_STANDARD = gnu99;
				GCC_DYNAMIC_NO_PIC = NO;
				GCC_OPTIMIZATION_LEVEL = 0;
				GCC_PREPROCESSOR_DEFINITIONS = (
					"DEBUG=1",
					"$(inherited)",
				);
				GCC_SYMBOLS_PRIVATE_EXTERN = NO;
				GCC_VERSION = com.apple.compilers.llvm.clang.1_0;
				GCC_WARN_ABOUT_RETURN_TYPE = YES;
				GCC_WARN_UNINITIALIZED_AUTOS = YES;
				GCC_WARN_UNUSED_VARIABLE = YES;
				IPHONEOS_DEPLOYMENT_TARGET = 5.1;
				SDKROOT = iphoneos;
			};
			name = Debug;
		};
		8336ABDF159B0DA600E3E994 /* Release */ = {
			isa = XCBuildConfiguration;
			buildSettings = {
				ALWAYS_SEARCH_USER_PATHS = NO;
				ARCHS = "$(ARCHS_STANDARD_32_BIT)";
				CLANG_ENABLE_OBJC_ARC = YES;
				"CODE_SIGN_IDENTITY[sdk=iphoneos*]" = "iPhone Developer";
				COPY_PHASE_STRIP = YES;
				GCC_C_LANGUAGE_STANDARD = gnu99;
				GCC_VERSION = com.apple.compilers.llvm.clang.1_0;
				GCC_WARN_ABOUT_RETURN_TYPE = YES;
				GCC_WARN_UNINITIALIZED_AUTOS = YES;
				GCC_WARN_UNUSED_VARIABLE = YES;
				IPHONEOS_DEPLOYMENT_TARGET = 5.1;
				OTHER_CFLAGS = "-DNS_BLOCK_ASSERTIONS=1";
				SDKROOT = iphoneos;
				VALIDATE_PRODUCT = YES;
			};
			name = Release;
		};
		8336ABE1159B0DA700E3E994 /* Debug */ = {
			isa = XCBuildConfiguration;
			baseConfigurationReference = DABB37C95B7C476DAC5D484D /* Pods.xcconfig */;
			buildSettings = {
				DSTROOT = /tmp/xcodeproj.dst;
				GCC_PRECOMPILE_PREFIX_HEADER = YES;
				GCC_PREFIX_HEADER = "LinkedInAPI/LinkedInAPI-Prefix.pch";
				GCC_VERSION = com.apple.compilers.llvm.clang.1_0;
				INFOPLIST_FILE = "LinkedInAPI/LinkedInAPI-Info.plist";
				PRODUCT_NAME = "$(TARGET_NAME)";
				SKIP_INSTALL = YES;
				WRAPPER_EXTENSION = app;
			};
			name = Debug;
		};
		8336ABE2159B0DA700E3E994 /* Release */ = {
			isa = XCBuildConfiguration;
			baseConfigurationReference = DABB37C95B7C476DAC5D484D /* Pods.xcconfig */;
			buildSettings = {
				DSTROOT = /tmp/xcodeproj.dst;
				GCC_PRECOMPILE_PREFIX_HEADER = YES;
				GCC_PREFIX_HEADER = "LinkedInAPI/LinkedInAPI-Prefix.pch";
				GCC_VERSION = com.apple.compilers.llvm.clang.1_0;
				INFOPLIST_FILE = "LinkedInAPI/LinkedInAPI-Info.plist";
				PRODUCT_NAME = "$(TARGET_NAME)";
				SKIP_INSTALL = YES;
				WRAPPER_EXTENSION = app;
			};
			name = Release;
		};
/* End XCBuildConfiguration section */

/* Begin XCConfigurationList section */
		8336ABC2159B0DA600E3E994 /* Build configuration list for PBXProject "LinkedInAPI" */ = {
			isa = XCConfigurationList;
			buildConfigurations = (
				8336ABDE159B0DA600E3E994 /* Debug */,
				8336ABDF159B0DA600E3E994 /* Release */,
			);
			defaultConfigurationIsVisible = 0;
			defaultConfigurationName = Release;
		};
		8336ABE0159B0DA700E3E994 /* Build configuration list for PBXNativeTarget "LinkedInAPI" */ = {
			isa = XCConfigurationList;
			buildConfigurations = (
				8336ABE1159B0DA700E3E994 /* Debug */,
				8336ABE2159B0DA700E3E994 /* Release */,
			);
			defaultConfigurationIsVisible = 0;
			defaultConfigurationName = Release;
		};
/* End XCConfigurationList section */
	};
	rootObject = 8336ABBF159B0DA600E3E994 /* Project object */;
}
